
Microsoft Visual Studio Solution File, Format Version 12.00
# Visual Studio 15
VisualStudioVersion = 15.0.27703.2042
MinimumVisualStudioVersion = 10.0.40219.1
Project("{FAE04EC0-301F-11D3-BF4B-00C04F79EFBC}") = "Theory", "Theory\Theory.csproj", "{4B896EF1-9A00-4788-954D-9F47491E0710}"
EndProject
Global
	GlobalSection(SolutionConfigurationPlatforms) = preSolution
		Debug|Any CPU = Debug|Any CPU
		Release|Any CPU = Release|Any CPU
	EndGlobalSection
	GlobalSection(ProjectConfigurationPlatforms) = postSolution
		{4B896EF1-9A00-4788-954D-9F47491E0710}.Debug|Any CPU.ActiveCfg = Debug|Any CPU
		{4B896EF1-9A00-4788-954D-9F47491E0710}.Debug|Any CPU.Build.0 = Debug|Any CPU
		{4B896EF1-9A00-4788-954D-9F47491E0710}.Release|Any CPU.ActiveCfg = Release|Any CPU
		{4B896EF1-9A00-4788-954D-9F47491E0710}.Release|Any CPU.Build.0 = Release|Any CPU
	EndGlobalSection
	GlobalSection(SolutionProperties) = preSolution
		HideSolutionNode = FALSE
	EndGlobalSection
	GlobalSection(ExtensibilityGlobals) = postSolution
		SolutionGuid = {0D07A723-7D72-41F8-A07A-0899F86CF7CE}
	EndGlobalSection
EndGlobal
